
Microsoft Visual Studio Solution File, Format Version 12.00
# Visual Studio 14
VisualStudioVersion = 14.0.25420.1
MinimumVisualStudioVersion = 10.0.40219.1
Project("{FAE04EC0-301F-11D3-BF4B-00C04F79EFBC}") = "WalmartAPI", "WalmartAPI.csproj", "{1CC1618F-8F85-427A-AC4B-A097ACDB0DAD}"
EndProject
Project("{FAE04EC0-301F-11D3-BF4B-00C04F79EFBC}") = "WalmartAPI.Test", "..\WalmartAPI.Test\WalmartAPI.Test.csproj", "{9ADF06D4-78DE-43F4-A115-5C91439B21B8}"
EndProject
Project("{FAE04EC0-301F-11D3-BF4B-00C04F79EFBC}") = "ChannelOrderDownloads", "..\ChannelOrderDownloads\ChannelOrderDownloads\ChannelOrderDownloads.csproj", "{708E9662-4F9F-44F8-B598-B792DBBE964A}"
EndProject
Project("{54435603-DBB4-11D2-8724-00A0C9A8B90C}") = "ChannelDownloaderSetup", "..\Setup1\Setup1.vdproj", "{FEE094C8-6830-499D-9E76-072F29BF3A49}"
EndProject
Project("{FAE04EC0-301F-11D3-BF4B-00C04F79EFBC}") = "WalmartAPIOOP", "..\WalmartAPIOOP\WalmartAPIOOP.csproj", "{441B4164-DC3C-4A63-B642-DFC215D95C72}"
EndProject
Project("{FAE04EC0-301F-11D3-BF4B-00C04F79EFBC}") = "Extensions", "Extensions\Extensions.csproj", "{30A66DBC-E928-424A-AF11-86BAAB40D44B}"
EndProject
Global
	GlobalSection(SolutionConfigurationPlatforms) = preSolution
		Debug|Any CPU = Debug|Any CPU
		Debug|x64 = Debug|x64
		Debug|x86 = Debug|x86
		Release|Any CPU = Release|Any CPU
		Release|x64 = Release|x64
		Release|x86 = Release|x86
	EndGlobalSection
	GlobalSection(ProjectConfigurationPlatforms) = postSolution
		{1CC1618F-8F85-427A-AC4B-A097ACDB0DAD}.Debug|Any CPU.ActiveCfg = Debug|Any CPU
		{1CC1618F-8F85-427A-AC4B-A097ACDB0DAD}.Debug|Any CPU.Build.0 = Debug|Any CPU
		{1CC1618F-8F85-427A-AC4B-A097ACDB0DAD}.Debug|x64.ActiveCfg = Debug|Any CPU
		{1CC1618F-8F85-427A-AC4B-A097ACDB0DAD}.Debug|x64.Build.0 = Debug|Any CPU
		{1CC1618F-8F85-427A-AC4B-A097ACDB0DAD}.Debug|x86.ActiveCfg = Debug|Any CPU
		{1CC1618F-8F85-427A-AC4B-A097ACDB0DAD}.Debug|x86.Build.0 = Debug|Any CPU
		{1CC1618F-8F85-427A-AC4B-A097ACDB0DAD}.Release|Any CPU.ActiveCfg = Release|Any CPU
		{1CC1618F-8F85-427A-AC4B-A097ACDB0DAD}.Release|Any CPU.Build.0 = Release|Any CPU
		{1CC1618F-8F85-427A-AC4B-A097ACDB0DAD}.Release|x64.ActiveCfg = Release|Any CPU
		{1CC1618F-8F85-427A-AC4B-A097ACDB0DAD}.Release|x64.Build.0 = Release|Any CPU
		{1CC1618F-8F85-427A-AC4B-A097ACDB0DAD}.Release|x86.ActiveCfg = Release|Any CPU
		{1CC1618F-8F85-427A-AC4B-A097ACDB0DAD}.Release|x86.Build.0 = Release|Any CPU
		{9ADF06D4-78DE-43F4-A115-5C91439B21B8}.Debug|Any CPU.ActiveCfg = Debug|Any CPU
		{9ADF06D4-78DE-43F4-A115-5C91439B21B8}.Debug|Any CPU.Build.0 = Debug|Any CPU
		{9ADF06D4-78DE-43F4-A115-5C91439B21B8}.Debug|x64.ActiveCfg = Debug|Any CPU
		{9ADF06D4-78DE-43F4-A115-5C91439B21B8}.Debug|x64.Build.0 = Debug|Any CPU
		{9ADF06D4-78DE-43F4-A115-5C91439B21B8}.Debug|x86.ActiveCfg = Debug|Any CPU
		{9ADF06D4-78DE-43F4-A115-5C91439B21B8}.Debug|x86.Build.0 = Debug|Any CPU
		{9ADF06D4-78DE-43F4-A115-5C91439B21B8}.Release|Any CPU.ActiveCfg = Release|Any CPU
		{9ADF06D4-78DE-43F4-A115-5C91439B21B8}.Release|Any CPU.Build.0 = Release|Any CPU
		{9ADF06D4-78DE-43F4-A115-5C91439B21B8}.Release|x64.ActiveCfg = Release|Any CPU
		{9ADF06D4-78DE-43F4-A115-5C91439B21B8}.Release|x64.Build.0 = Release|Any CPU
		{9ADF06D4-78DE-43F4-A115-5C91439B21B8}.Release|x86.ActiveCfg = Release|Any CPU
		{9ADF06D4-78DE-43F4-A115-5C91439B21B8}.Release|x86.Build.0 = Release|Any CPU
		{708E9662-4F9F-44F8-B598-B792DBBE964A}.Debug|Any CPU.ActiveCfg = Debug|Any CPU
		{708E9662-4F9F-44F8-B598-B792DBBE964A}.Debug|Any CPU.Build.0 = Debug|Any CPU
		{708E9662-4F9F-44F8-B598-B792DBBE964A}.Debug|x64.ActiveCfg = Debug|Any CPU
		{708E9662-4F9F-44F8-B598-B792DBBE964A}.Debug|x64.Build.0 = Debug|Any CPU
		{708E9662-4F9F-44F8-B598-B792DBBE964A}.Debug|x86.ActiveCfg = Debug|Any CPU
		{708E9662-4F9F-44F8-B598-B792DBBE964A}.Debug|x86.Build.0 = Debug|Any CPU
		{708E9662-4F9F-44F8-B598-B792DBBE964A}.Release|Any CPU.ActiveCfg = Release|Any CPU
		{708E9662-4F9F-44F8-B598-B792DBBE964A}.Release|Any CPU.Build.0 = Release|Any CPU
		{708E9662-4F9F-44F8-B598-B792DBBE964A}.Release|x64.ActiveCfg = Release|Any CPU
		{708E9662-4F9F-44F8-B598-B792DBBE964A}.Release|x64.Build.0 = Release|Any CPU
		{708E9662-4F9F-44F8-B598-B792DBBE964A}.Release|x86.ActiveCfg = Release|Any CPU
		{708E9662-4F9F-44F8-B598-B792DBBE964A}.Release|x86.Build.0 = Release|Any CPU
		{FEE094C8-6830-499D-9E76-072F29BF3A49}.Debug|Any CPU.ActiveCfg = Debug
		{FEE094C8-6830-499D-9E76-072F29BF3A49}.Debug|x64.ActiveCfg = Debug
		{FEE094C8-6830-499D-9E76-072F29BF3A49}.Debug|x86.ActiveCfg = Debug
		{FEE094C8-6830-499D-9E76-072F29BF3A49}.Release|Any CPU.ActiveCfg = Release
		{FEE094C8-6830-499D-9E76-072F29BF3A49}.Release|x64.ActiveCfg = Release
		{FEE094C8-6830-499D-9E76-072F29BF3A49}.Release|x86.ActiveCfg = Release
		{441B4164-DC3C-4A63-B642-DFC215D95C72}.Debug|Any CPU.ActiveCfg = Debug|Any CPU
		{441B4164-DC3C-4A63-B642-DFC215D95C72}.Debug|Any CPU.Build.0 = Debug|Any CPU
		{441B4164-DC3C-4A63-B642-DFC215D95C72}.Debug|x64.ActiveCfg = Debug|Any CPU
		{441B4164-DC3C-4A63-B642-DFC215D95C72}.Debug|x64.Build.0 = Debug|Any CPU
		{441B4164-DC3C-4A63-B642-DFC215D95C72}.Debug|x86.ActiveCfg = Debug|Any CPU
		{441B4164-DC3C-4A63-B642-DFC215D95C72}.Debug|x86.Build.0 = Debug|Any CPU
		{441B4164-DC3C-4A63-B642-DFC215D95C72}.Release|Any CPU.ActiveCfg = Release|Any CPU
		{441B4164-DC3C-4A63-B642-DFC215D95C72}.Release|Any CPU.Build.0 = Release|Any CPU
		{441B4164-DC3C-4A63-B642-DFC215D95C72}.Release|x64.ActiveCfg = Release|Any CPU
		{441B4164-DC3C-4A63-B642-DFC215D95C72}.Release|x64.Build.0 = Release|Any CPU
		{441B4164-DC3C-4A63-B642-DFC215D95C72}.Release|x86.ActiveCfg = Release|Any CPU
		{441B4164-DC3C-4A63-B642-DFC215D95C72}.Release|x86.Build.0 = Release|Any CPU
		{30A66DBC-E928-424A-AF11-86BAAB40D44B}.Debug|Any CPU.ActiveCfg = Debug|Any CPU
		{30A66DBC-E928-424A-AF11-86BAAB40D44B}.Debug|Any CPU.Build.0 = Debug|Any CPU
		{30A66DBC-E928-424A-AF11-86BAAB40D44B}.Debug|x64.ActiveCfg = Debug|x64
		{30A66DBC-E928-424A-AF11-86BAAB40D44B}.Debug|x64.Build.0 = Debug|x64
		{30A66DBC-E928-424A-AF11-86BAAB40D44B}.Debug|x86.ActiveCfg = Debug|x86
		{30A66DBC-E928-424A-AF11-86BAAB40D44B}.Debug|x86.Build.0 = Debug|x86
		{30A66DBC-E928-424A-AF11-86BAAB40D44B}.Release|Any CPU.ActiveCfg = Release|Any CPU
		{30A66DBC-E928-424A-AF11-86BAAB40D44B}.Release|Any CPU.Build.0 = Release|Any CPU
		{30A66DBC-E928-424A-AF11-86BAAB40D44B}.Release|x64.ActiveCfg = Release|x64
		{30A66DBC-E928-424A-AF11-86BAAB40D44B}.Release|x64.Build.0 = Release|x64
		{30A66DBC-E928-424A-AF11-86BAAB40D44B}.Release|x86.ActiveCfg = Release|x86
		{30A66DBC-E928-424A-AF11-86BAAB40D44B}.Release|x86.Build.0 = Release|x86
	EndGlobalSection
	GlobalSection(SolutionProperties) = preSolution
		HideSolutionNode = FALSE
	EndGlobalSection
EndGlobal
